
Microsoft Visual Studio Solution File, Format Version 12.00
# Visual Studio Version 16
VisualStudioVersion = 16.0.31424.327
MinimumVisualStudioVersion = 10.0.40219.1
Project("{8BC9CEB8-8B4A-11D0-8D11-00A0C91BC942}") = "HelloWorld", "HelloWorld\HelloWorld.vcxproj", "{102EA016-B18E-43B8-8754-42ADFD42DC2F}"
EndProject
Project("{8BC9CEB8-8B4A-11D0-8D11-00A0C91BC942}") = "TexturedCube", "TexturedCube\TexturedCube.vcxproj", "{25DEDB84-C104-425E-B4B1-E2CC4E30892C}"
EndProject
Global
	GlobalSection(SolutionConfigurationPlatforms) = preSolution
		Debug|ARM = Debug|ARM
		Debug|ARM64 = Debug|ARM64
		Debug|x64 = Debug|x64
		Debug|x86 = Debug|x86
		Release|ARM = Release|ARM
		Release|ARM64 = Release|ARM64
		Release|x64 = Release|x64
		Release|x86 = Release|x86
	EndGlobalSection
	GlobalSection(ProjectConfigurationPlatforms) = postSolution
		{102EA016-B18E-43B8-8754-42ADFD42DC2F}.Debug|ARM.ActiveCfg = Debug|ARM
		{102EA016-B18E-43B8-8754-42ADFD42DC2F}.Debug|ARM.Build.0 = Debug|ARM
		{102EA016-B18E-43B8-8754-42ADFD42DC2F}.Debug|ARM.Deploy.0 = Debug|ARM
		{102EA016-B18E-43B8-8754-42ADFD42DC2F}.Debug|ARM64.ActiveCfg = Debug|ARM64
		{102EA016-B18E-43B8-8754-42ADFD42DC2F}.Debug|ARM64.Build.0 = Debug|ARM64
		{102EA016-B18E-43B8-8754-42ADFD42DC2F}.Debug|ARM64.Deploy.0 = Debug|ARM64
		{102EA016-B18E-43B8-8754-42ADFD42DC2F}.Debug|x64.ActiveCfg = Debug|x64
		{102EA016-B18E-43B8-8754-42ADFD42DC2F}.Debug|x64.Build.0 = Debug|x64
		{102EA016-B18E-43B8-8754-42ADFD42DC2F}.Debug|x64.Deploy.0 = Debug|x64
		{102EA016-B18E-43B8-8754-42ADFD42DC2F}.Debug|x86.ActiveCfg = Debug|Win32
		{102EA016-B18E-43B8-8754-42ADFD42DC2F}.Debug|x86.Build.0 = Debug|Win32
		{102EA016-B18E-43B8-8754-42ADFD42DC2F}.Debug|x86.Deploy.0 = Debug|Win32
		{102EA016-B18E-43B8-8754-42ADFD42DC2F}.Release|ARM.ActiveCfg = Release|ARM
		{102EA016-B18E-43B8-8754-42ADFD42DC2F}.Release|ARM.Build.0 = Release|ARM
		{102EA016-B18E-43B8-8754-42ADFD42DC2F}.Release|ARM.Deploy.0 = Release|ARM
		{102EA016-B18E-43B8-8754-42ADFD42DC2F}.Release|ARM64.ActiveCfg = Release|ARM64
		{102EA016-B18E-43B8-8754-42ADFD42DC2F}.Release|ARM64.Build.0 = Release|ARM64
		{102EA016-B18E-43B8-8754-42ADFD42DC2F}.Release|ARM64.Deploy.0 = Release|ARM64
		{102EA016-B18E-43B8-8754-42ADFD42DC2F}.Release|x64.ActiveCfg = Release|x64
		{102EA016-B18E-43B8-8754-42ADFD42DC2F}.Release|x64.Build.0 = Release|x64
		{102EA016-B18E-43B8-8754-42ADFD42DC2F}.Release|x64.Deploy.0 = Release|x64
		{102EA016-B18E-43B8-8754-42ADFD42DC2F}.Release|x86.ActiveCfg = Release|Win32
		{102EA016-B18E-43B8-8754-42ADFD42DC2F}.Release|x86.Build.0 = Release|Win32
		{102EA016-B18E-43B8-8754-42ADFD42DC2F}.Release|x86.Deploy.0 = Release|Win32
		{25DEDB84-C104-425E-B4B1-E2CC4E30892C}.Debug|ARM.ActiveCfg = Debug|ARM
		{25DEDB84-C104-425E-B4B1-E2CC4E30892C}.Debug|ARM.Build.0 = Debug|ARM
		{25DEDB84-C104-425E-B4B1-E2CC4E30892C}.Debug|ARM.Deploy.0 = Debug|ARM
		{25DEDB84-C104-425E-B4B1-E2CC4E30892C}.Debug|ARM64.ActiveCfg = Debug|ARM64
		{25DEDB84-C104-425E-B4B1-E2CC4E30892C}.Debug|ARM64.Build.0 = Debug|ARM64
		{25DEDB84-C104-425E-B4B1-E2CC4E30892C}.Debug|ARM64.Deploy.0 = Debug|ARM64
		{25DEDB84-C104-425E-B4B1-E2CC4E30892C}.Debug|x64.ActiveCfg = Debug|x64
		{25DEDB84-C104-425E-B4B1-E2CC4E30892C}.Debug|x64.Build.0 = Debug|x64
		{25DEDB84-C104-425E-B4B1-E2CC4E30892C}.Debug|x64.Deploy.0 = Debug|x64
		{25DEDB84-C104-425E-B4B1-E2CC4E30892C}.Debug|x86.ActiveCfg = Debug|Win32
		{25DEDB84-C104-425E-B4B1-E2CC4E30892C}.Debug|x86.Build.0 = Debug|Win32
		{25DEDB84-C104-425E-B4B1-E2CC4E30892C}.Debug|x86.Deploy.0 = Debug|Win32
		{25DEDB84-C104-425E-B4B1-E2CC4E30892C}.Release|ARM.ActiveCfg = Release|ARM
		{25DEDB84-C104-425E-B4B1-E2CC4E30892C}.Release|ARM.Build.0 = Release|ARM
		{25DEDB84-C104-425E-B4B1-E2CC4E30892C}.Release|ARM.Deploy.0 = Release|ARM
		{25DEDB84-C104-425E-B4B1-E2CC4E30892C}.Release|ARM64.ActiveCfg = Release|ARM64
		{25DEDB84-C104-425E-B4B1-E2CC4E30892C}.Release|ARM64.Build.0 = Release|ARM64
		{25DEDB84-C104-425E-B4B1-E2CC4E30892C}.Release|ARM64.Deploy.0 = Release|ARM64
		{25DEDB84-C104-425E-B4B1-E2CC4E30892C}.Release|x64.ActiveCfg = Release|x64
		{25DEDB84-C104-425E-B4B1-E2CC4E30892C}.Release|x64.Build.0 = Release|x64
		{25DEDB84-C104-425E-B4B1-E2CC4E30892C}.Release|x64.Deploy.0 = Release|x64
		{25DEDB84-C104-425E-B4B1-E2CC4E30892C}.Release|x86.ActiveCfg = Release|Win32
		{25DEDB84-C104-425E-B4B1-E2CC4E30892C}.Release|x86.Build.0 = Release|Win32
		{25DEDB84-C104-425E-B4B1-E2CC4E30892C}.Release|x86.Deploy.0 = Release|Win32
	EndGlobalSection
	GlobalSection(SolutionProperties) = preSolution
		HideSolutionNode = FALSE
	EndGlobalSection
	GlobalSection(ExtensibilityGlobals) = postSolution
		SolutionGuid = {C6B30648-2340-440A-9F34-C08FEAA41AE9}
	EndGlobalSection
EndGlobal
