<?xml version="1.0" encoding="utf-8"?>
<Project ToolsVersion="4.0" xmlns="http://schemas.microsoft.com/developer/msbuild/2003">
  <ItemGroup>
    <ApplicationDefinition Include="App.xaml" />
  </ItemGroup>
  <ItemGroup>
    <Page Include="MainPage.xaml" />
  </ItemGroup>
  <ItemGroup>
    <Midl Include="App.idl" />
    <Midl Include="MainPage.idl" />
  </ItemGroup>
  <ItemGroup>
    <ClCompile Include="pch.cpp" />
    <ClCompile Include="App.cpp" />
    <ClCompile Include="MainPage.cpp" />
    <ClCompile Include="$(GeneratedFilesDir)module.g.cpp" />
    <ClCompile Include="..\Shared\ColorMeshGenerator.cpp">
      <Filter>Shared</Filter>
    </ClCompile>
    <ClCompile Include="..\Shared\DeviceResources.cpp">
      <Filter>Shared</Filter>
    </ClCompile>
    <ClCompile Include="..\Shared\FileReader.cpp">
      <Filter>Shared</Filter>
    </ClCompile>
    <ClCompile Include="..\Shared\IndependentInput.cpp">
      <Filter>Shared</Filter>
    </ClCompile>
    <ClCompile Include="..\Shared\TextureMeshGenerator.cpp">
      <Filter>Shared</Filter>
    </ClCompile>
    <ClCompile Include="..\Shared\Utilities.cpp">
      <Filter>Shared</Filter>
    </ClCompile>
    <ClCompile Include="..\Shared\WICTextureLoader.cpp">
      <Filter>Shared</Filter>
    </ClCompile>
    <ClCompile Include="DemoMain.cpp" />
    <ClCompile Include="Renderer.cpp">
      <Filter>Renderer</Filter>
    </ClCompile>
    <ClCompile Include="Boid.cpp">
      <Filter>Boids</Filter>
    </ClCompile>
    <ClCompile Include="Swarm.cpp">
      <Filter>Boids</Filter>
    </ClCompile>
    <ClCompile Include="..\Shared\RandomNumberHelper.cpp">
      <Filter>Shared</Filter>
    </ClCompile>
  </ItemGroup>
  <ItemGroup>
    <ClInclude Include="pch.h" />
    <ClInclude Include="..\Shared\ColorMeshGenerator.h">
      <Filter>Shared</Filter>
    </ClInclude>
    <ClInclude Include="..\Shared\DeviceResources.h">
      <Filter>Shared</Filter>
    </ClInclude>
    <ClInclude Include="..\Shared\FileReader.h">
      <Filter>Shared</Filter>
    </ClInclude>
    <ClInclude Include="..\Shared\FileReaderStructures.h">
      <Filter>Shared</Filter>
    </ClInclude>
    <ClInclude Include="..\Shared\IndependentInput.h">
      <Filter>Shared</Filter>
    </ClInclude>
    <ClInclude Include="..\Shared\StepTimer.h">
      <Filter>Shared</Filter>
    </ClInclude>
    <ClInclude Include="..\Shared\TextureMeshGenerator.h">
      <Filter>Shared</Filter>
    </ClInclude>
    <ClInclude Include="..\Shared\Utilities.h">
      <Filter>Shared</Filter>
    </ClInclude>
    <ClInclude Include="..\Shared\VertexStructures.h">
      <Filter>Shared</Filter>
    </ClInclude>
    <ClInclude Include="..\Shared\WICTextureLoader.h">
      <Filter>Shared</Filter>
    </ClInclude>
    <ClInclude Include="DemoMain.h" />
    <ClInclude Include="Renderer.h">
      <Filter>Renderer</Filter>
    </ClInclude>
    <ClInclude Include="Boid.h">
      <Filter>Boids</Filter>
    </ClInclude>
    <ClInclude Include="Swarm.h">
      <Filter>Boids</Filter>
    </ClInclude>
    <ClInclude Include="..\Shared\RandomNumberHelper.h">
      <Filter>Shared</Filter>
    </ClInclude>
    <ClInclude Include="BoidParameter.h">
      <Filter>Boids</Filter>
    </ClInclude>
  </ItemGroup>
  <ItemGroup>
    <Image Include="Assets\Wide310x150Logo.scale-200.png">
      <Filter>Assets</Filter>
    </Image>
    <Image Include="Assets\StoreLogo.png">
      <Filter>Assets</Filter>
    </Image>
    <Image Include="Assets\Square150x150Logo.scale-200.png">
      <Filter>Assets</Filter>
    </Image>
    <Image Include="Assets\Square44x44Logo.targetsize-24_altform-unplated.png">
      <Filter>Assets</Filter>
    </Image>
    <Image Include="Assets\Square44x44Logo.scale-200.png">
      <Filter>Assets</Filter>
    </Image>
    <Image Include="Assets\SplashScreen.scale-200.png">
      <Filter>Assets</Filter>
    </Image>
    <Image Include="Assets\LockScreenLogo.scale-200.png">
      <Filter>Assets</Filter>
    </Image>
    <Image Include="Assets\Textures\marble.dds">
      <Filter>Assets\Textures</Filter>
    </Image>
    <Image Include="Assets\Textures\wood.dds">
      <Filter>Assets\Textures</Filter>
    </Image>
    <Image Include="Assets\Textures\floor.dds">
      <Filter>Assets\Textures</Filter>
    </Image>
  </ItemGroup>
  <ItemGroup>
    <AppxManifest Include="Package.appxmanifest" />
  </ItemGroup>
  <ItemGroup>
    <Filter Include="Assets">
      <UniqueIdentifier>{e48dc53e-40b1-40cb-970a-f89935452892}</UniqueIdentifier>
    </Filter>
    <Filter Include="Shared">
      <UniqueIdentifier>{be585756-83a4-430f-8221-9a7515184ebf}</UniqueIdentifier>
    </Filter>
    <Filter Include="Renderer">
      <UniqueIdentifier>{3298b646-3df4-4cb9-a071-0a6823370e97}</UniqueIdentifier>
    </Filter>
    <Filter Include="Assets\Textures">
      <UniqueIdentifier>{79a09ccb-66c0-4e46-b84f-668fd397c5da}</UniqueIdentifier>
    </Filter>
    <Filter Include="Boids">
      <UniqueIdentifier>{d5aa2468-9238-47b3-8c7e-d27baa018226}</UniqueIdentifier>
    </Filter>
  </ItemGroup>
  <ItemGroup>
    <None Include="PropertySheet.props" />
    <None Include="packages.config" />
    <None Include="ConstantBuffers.hlsli">
      <Filter>Renderer</Filter>
    </None>
    <None Include="ComputeDirectionalLight.hlsli">
      <Filter>Renderer</Filter>
    </None>
  </ItemGroup>
  <ItemGroup>
    <FxCompile Include="MaterialPS.hlsl">
      <Filter>Renderer</Filter>
    </FxCompile>
    <FxCompile Include="MaterialVS.hlsl">
      <Filter>Renderer</Filter>
    </FxCompile>
  </ItemGroup>
</Project>